
Microsoft Visual Studio Solution File, Format Version 12.00
# Visual Studio Version 16
VisualStudioVersion = 16.0.29806.167
MinimumVisualStudioVersion = 10.0.40219.1
Project("{FAE04EC0-301F-11D3-BF4B-00C04F79EFBC}") = "DXApplication201", "DXApplication201\DXApplication201.csproj", "{B45F7133-A7A8-4039-8292-C6FF2F54A223}"
EndProject
Global
	GlobalSection(SolutionConfigurationPlatforms) = preSolution
		Debug|Any CPU = Debug|Any CPU
		Release|Any CPU = Release|Any CPU
	EndGlobalSection
	GlobalSection(ProjectConfigurationPlatforms) = postSolution
		{B45F7133-A7A8-4039-8292-C6FF2F54A223}.Debug|Any CPU.ActiveCfg = Debug|Any CPU
		{B45F7133-A7A8-4039-8292-C6FF2F54A223}.Debug|Any CPU.Build.0 = Debug|Any CPU
		{B45F7133-A7A8-4039-8292-C6FF2F54A223}.Release|Any CPU.ActiveCfg = Release|Any CPU
		{B45F7133-A7A8-4039-8292-C6FF2F54A223}.Release|Any CPU.Build.0 = Release|Any CPU
	EndGlobalSection
	GlobalSection(SolutionProperties) = preSolution
		HideSolutionNode = FALSE
	EndGlobalSection
	GlobalSection(ExtensibilityGlobals) = postSolution
		SolutionGuid = {A69D3A25-5E93-4F67-9576-6D9BA578961A}
	EndGlobalSection
EndGlobal
